
Microsoft Visual Studio Solution File, Format Version 12.00
# Visual Studio 15
VisualStudioVersion = 15.0.28010.2016
MinimumVisualStudioVersion = 10.0.40219.1
Project("{FAE04EC0-301F-11D3-BF4B-00C04F79EFBC}") = "CaveGen", "CaveGen\CaveGen.csproj", "{C4795C06-F018-4338-990E-D6F1FF03BC5E}"
EndProject
Project("{2150E333-8FDC-42A3-9474-1A3956D46DE8}") = "Solution Items", "Solution Items", "{6C806B49-F636-4516-B878-8B1A3AD55C23}"
	ProjectSection(SolutionItems) = preProject
		CaveGenerator.cs = CaveGenerator.cs
	EndProjectSection
EndProject
Global
	GlobalSection(SolutionConfigurationPlatforms) = preSolution
		Debug|Any CPU = Debug|Any CPU
		Release|Any CPU = Release|Any CPU
	EndGlobalSection
	GlobalSection(ProjectConfigurationPlatforms) = postSolution
		{C4795C06-F018-4338-990E-D6F1FF03BC5E}.Debug|Any CPU.ActiveCfg = Debug|Any CPU
		{C4795C06-F018-4338-990E-D6F1FF03BC5E}.Debug|Any CPU.Build.0 = Debug|Any CPU
		{C4795C06-F018-4338-990E-D6F1FF03BC5E}.Release|Any CPU.ActiveCfg = Release|Any CPU
		{C4795C06-F018-4338-990E-D6F1FF03BC5E}.Release|Any CPU.Build.0 = Release|Any CPU
	EndGlobalSection
	GlobalSection(SolutionProperties) = preSolution
		HideSolutionNode = FALSE
	EndGlobalSection
	GlobalSection(ExtensibilityGlobals) = postSolution
		SolutionGuid = {82A2B933-59A7-4809-BD46-109AF33748FB}
	EndGlobalSection
EndGlobal
